
Microsoft Visual Studio Solution File, Format Version 12.00
# Visual Studio Version 17
VisualStudioVersion = 17.1.32210.238
MinimumVisualStudioVersion = 10.0.40219.1
Project("{9A19103F-16F7-4668-BE54-9A1E7A4F7556}") = "RideSharing.Api", "RideSharing.Api\RideSharing.Api.csproj", "{B585E9DC-470D-4EE7-A8B5-E7DFCAF4D4E0}"
EndProject
Project("{9A19103F-16F7-4668-BE54-9A1E7A4F7556}") = "RideSharing.Domain", "RideSharing.Domain\RideSharing.Domain.csproj", "{32424646-F73B-4B1E-92B6-15EC46EE71F3}"
EndProject
Project("{9A19103F-16F7-4668-BE54-9A1E7A4F7556}") = "RideSharing.Abstractions", "RideSharing.Abstractions\RideSharing.Abstractions.csproj", "{89BFFC61-5E96-46E2-98F0-9DA169EBF4C9}"
EndProject
Project("{9A19103F-16F7-4668-BE54-9A1E7A4F7556}") = "RideSharing.Application", "RideSharing.Application\RideSharing.Application.csproj", "{A4C1DE5F-D428-46D8-AA84-029A7FE3D829}"
EndProject
Project("{9A19103F-16F7-4668-BE54-9A1E7A4F7556}") = "RideSharing.Shared", "RideSharing.Shared\RideSharing.Shared.csproj", "{102C67FE-6EAB-443A-9F9E-4A994F700C86}"
EndProject
Project("{9A19103F-16F7-4668-BE54-9A1E7A4F7556}") = "RideSharing.Infrastructure", "RideSharing.Infrastructure\RideSharing.Infrastructure.csproj", "{B66F20CD-025D-45F7-A8C5-B9FAD4D12DA7}"
EndProject
Project("{FAE04EC0-301F-11D3-BF4B-00C04F79EFBC}") = "RideSharing.Application.Tests", "RideSharing.Application.Tests\RideSharing.Application.Tests.csproj", "{80D35AA1-DF61-46C1-8312-2FE104B3262E}"
EndProject
Global
	GlobalSection(SolutionConfigurationPlatforms) = preSolution
		Debug|Any CPU = Debug|Any CPU
		Release|Any CPU = Release|Any CPU
	EndGlobalSection
	GlobalSection(ProjectConfigurationPlatforms) = postSolution
		{B585E9DC-470D-4EE7-A8B5-E7DFCAF4D4E0}.Debug|Any CPU.ActiveCfg = Debug|Any CPU
		{B585E9DC-470D-4EE7-A8B5-E7DFCAF4D4E0}.Debug|Any CPU.Build.0 = Debug|Any CPU
		{B585E9DC-470D-4EE7-A8B5-E7DFCAF4D4E0}.Release|Any CPU.ActiveCfg = Release|Any CPU
		{B585E9DC-470D-4EE7-A8B5-E7DFCAF4D4E0}.Release|Any CPU.Build.0 = Release|Any CPU
		{32424646-F73B-4B1E-92B6-15EC46EE71F3}.Debug|Any CPU.ActiveCfg = Debug|Any CPU
		{32424646-F73B-4B1E-92B6-15EC46EE71F3}.Debug|Any CPU.Build.0 = Debug|Any CPU
		{32424646-F73B-4B1E-92B6-15EC46EE71F3}.Release|Any CPU.ActiveCfg = Release|Any CPU
		{32424646-F73B-4B1E-92B6-15EC46EE71F3}.Release|Any CPU.Build.0 = Release|Any CPU
		{89BFFC61-5E96-46E2-98F0-9DA169EBF4C9}.Debug|Any CPU.ActiveCfg = Debug|Any CPU
		{89BFFC61-5E96-46E2-98F0-9DA169EBF4C9}.Debug|Any CPU.Build.0 = Debug|Any CPU
		{89BFFC61-5E96-46E2-98F0-9DA169EBF4C9}.Release|Any CPU.ActiveCfg = Release|Any CPU
		{89BFFC61-5E96-46E2-98F0-9DA169EBF4C9}.Release|Any CPU.Build.0 = Release|Any CPU
		{A4C1DE5F-D428-46D8-AA84-029A7FE3D829}.Debug|Any CPU.ActiveCfg = Debug|Any CPU
		{A4C1DE5F-D428-46D8-AA84-029A7FE3D829}.Debug|Any CPU.Build.0 = Debug|Any CPU
		{A4C1DE5F-D428-46D8-AA84-029A7FE3D829}.Release|Any CPU.ActiveCfg = Release|Any CPU
		{A4C1DE5F-D428-46D8-AA84-029A7FE3D829}.Release|Any CPU.Build.0 = Release|Any CPU
		{102C67FE-6EAB-443A-9F9E-4A994F700C86}.Debug|Any CPU.ActiveCfg = Debug|Any CPU
		{102C67FE-6EAB-443A-9F9E-4A994F700C86}.Debug|Any CPU.Build.0 = Debug|Any CPU
		{102C67FE-6EAB-443A-9F9E-4A994F700C86}.Release|Any CPU.ActiveCfg = Release|Any CPU
		{102C67FE-6EAB-443A-9F9E-4A994F700C86}.Release|Any CPU.Build.0 = Release|Any CPU
		{B66F20CD-025D-45F7-A8C5-B9FAD4D12DA7}.Debug|Any CPU.ActiveCfg = Debug|Any CPU
		{B66F20CD-025D-45F7-A8C5-B9FAD4D12DA7}.Debug|Any CPU.Build.0 = Debug|Any CPU
		{B66F20CD-025D-45F7-A8C5-B9FAD4D12DA7}.Release|Any CPU.ActiveCfg = Release|Any CPU
		{B66F20CD-025D-45F7-A8C5-B9FAD4D12DA7}.Release|Any CPU.Build.0 = Release|Any CPU
		{80D35AA1-DF61-46C1-8312-2FE104B3262E}.Debug|Any CPU.ActiveCfg = Debug|Any CPU
		{80D35AA1-DF61-46C1-8312-2FE104B3262E}.Debug|Any CPU.Build.0 = Debug|Any CPU
		{80D35AA1-DF61-46C1-8312-2FE104B3262E}.Release|Any CPU.ActiveCfg = Release|Any CPU
		{80D35AA1-DF61-46C1-8312-2FE104B3262E}.Release|Any CPU.Build.0 = Release|Any CPU
	EndGlobalSection
	GlobalSection(SolutionProperties) = preSolution
		HideSolutionNode = FALSE
	EndGlobalSection
	GlobalSection(ExtensibilityGlobals) = postSolution
		SolutionGuid = {4FA8C8AE-2146-4EC5-BEA0-13D57A3DC727}
	EndGlobalSection
EndGlobal
